
Microsoft Visual Studio Solution File, Format Version 12.00
# Visual Studio Version 17
VisualStudioVersion = 17.8.34330.188
MinimumVisualStudioVersion = 10.0.40219.1
Project("{9A19103F-16F7-4668-BE54-9A1E7A4F7556}") = "API", "Wazefa\API.csproj", "{24FD3696-8C95-4594-8453-8BA48AEE14A0}"
EndProject
Project("{2150E333-8FDC-42A3-9474-1A3956D46DE8}") = "API", "API", "{90BF5C1C-1815-4E50-9722-024D4FC6CCAD}"
EndProject
Project("{9A19103F-16F7-4668-BE54-9A1E7A4F7556}") = "Wazefa.Core", "Wazefa.Domain\Wazefa.Core.csproj", "{30D3FDEC-74F8-42E0-9325-4CB97E530718}"
EndProject
Project("{2150E333-8FDC-42A3-9474-1A3956D46DE8}") = "Libraries", "Libraries", "{9E21BC5C-32F9-48B4-AC84-FA54F09B0666}"
EndProject
Project("{9A19103F-16F7-4668-BE54-9A1E7A4F7556}") = "Wazefa.Data", "Wazefa.Infrastructure\Wazefa.Data.csproj", "{036898A1-D97F-4D2D-834C-F2A76058CA4D}"
EndProject
Project("{9A19103F-16F7-4668-BE54-9A1E7A4F7556}") = "Wazefa.Services", "Wazefa.Services\Wazefa.Services.csproj", "{542AF1C6-F5B8-4128-87E9-2AC202FC2CF4}"
EndProject
Project("{FAE04EC0-301F-11D3-BF4B-00C04F79EFBC}") = "LoggerService", "LoggerService\LoggerService.csproj", "{32E9CDC9-A2C2-4F1F-8067-B5203E6574D4}"
EndProject
Global
	GlobalSection(SolutionConfigurationPlatforms) = preSolution
		Debug|Any CPU = Debug|Any CPU
		Release|Any CPU = Release|Any CPU
	EndGlobalSection
	GlobalSection(ProjectConfigurationPlatforms) = postSolution
		{24FD3696-8C95-4594-8453-8BA48AEE14A0}.Debug|Any CPU.ActiveCfg = Debug|Any CPU
		{24FD3696-8C95-4594-8453-8BA48AEE14A0}.Debug|Any CPU.Build.0 = Debug|Any CPU
		{24FD3696-8C95-4594-8453-8BA48AEE14A0}.Release|Any CPU.ActiveCfg = Release|Any CPU
		{24FD3696-8C95-4594-8453-8BA48AEE14A0}.Release|Any CPU.Build.0 = Release|Any CPU
		{30D3FDEC-74F8-42E0-9325-4CB97E530718}.Debug|Any CPU.ActiveCfg = Debug|Any CPU
		{30D3FDEC-74F8-42E0-9325-4CB97E530718}.Debug|Any CPU.Build.0 = Debug|Any CPU
		{30D3FDEC-74F8-42E0-9325-4CB97E530718}.Release|Any CPU.ActiveCfg = Release|Any CPU
		{30D3FDEC-74F8-42E0-9325-4CB97E530718}.Release|Any CPU.Build.0 = Release|Any CPU
		{036898A1-D97F-4D2D-834C-F2A76058CA4D}.Debug|Any CPU.ActiveCfg = Debug|Any CPU
		{036898A1-D97F-4D2D-834C-F2A76058CA4D}.Debug|Any CPU.Build.0 = Debug|Any CPU
		{036898A1-D97F-4D2D-834C-F2A76058CA4D}.Release|Any CPU.ActiveCfg = Release|Any CPU
		{036898A1-D97F-4D2D-834C-F2A76058CA4D}.Release|Any CPU.Build.0 = Release|Any CPU
		{542AF1C6-F5B8-4128-87E9-2AC202FC2CF4}.Debug|Any CPU.ActiveCfg = Debug|Any CPU
		{542AF1C6-F5B8-4128-87E9-2AC202FC2CF4}.Debug|Any CPU.Build.0 = Debug|Any CPU
		{542AF1C6-F5B8-4128-87E9-2AC202FC2CF4}.Release|Any CPU.ActiveCfg = Release|Any CPU
		{542AF1C6-F5B8-4128-87E9-2AC202FC2CF4}.Release|Any CPU.Build.0 = Release|Any CPU
		{32E9CDC9-A2C2-4F1F-8067-B5203E6574D4}.Debug|Any CPU.ActiveCfg = Debug|Any CPU
		{32E9CDC9-A2C2-4F1F-8067-B5203E6574D4}.Debug|Any CPU.Build.0 = Debug|Any CPU
		{32E9CDC9-A2C2-4F1F-8067-B5203E6574D4}.Release|Any CPU.ActiveCfg = Release|Any CPU
		{32E9CDC9-A2C2-4F1F-8067-B5203E6574D4}.Release|Any CPU.Build.0 = Release|Any CPU
	EndGlobalSection
	GlobalSection(SolutionProperties) = preSolution
		HideSolutionNode = FALSE
	EndGlobalSection
	GlobalSection(NestedProjects) = preSolution
		{24FD3696-8C95-4594-8453-8BA48AEE14A0} = {90BF5C1C-1815-4E50-9722-024D4FC6CCAD}
		{30D3FDEC-74F8-42E0-9325-4CB97E530718} = {9E21BC5C-32F9-48B4-AC84-FA54F09B0666}
		{036898A1-D97F-4D2D-834C-F2A76058CA4D} = {9E21BC5C-32F9-48B4-AC84-FA54F09B0666}
		{542AF1C6-F5B8-4128-87E9-2AC202FC2CF4} = {9E21BC5C-32F9-48B4-AC84-FA54F09B0666}
	EndGlobalSection
	GlobalSection(ExtensibilityGlobals) = postSolution
		SolutionGuid = {8C590D2C-6B19-4B36-B045-2066B3920D5D}
	EndGlobalSection
EndGlobal
